
Microsoft Visual Studio Solution File, Format Version 12.00
# Visual Studio 15
VisualStudioVersion = 15.0.27130.0
MinimumVisualStudioVersion = 10.0.40219.1
Project("{FAE04EC0-301F-11D3-BF4B-00C04F79EFBC}") = "SeleniumTests", "SeleniumTests\SeleniumTests.csproj", "{F30A225E-165A-49F2-8537-6E69EE789EE9}"
EndProject
Project("{9A19103F-16F7-4668-BE54-9A1E7A4F7556}") = "MarketApp", "MarketApp\MarketApp.csproj", "{D4753C21-BFF0-4B28-B95A-AFCE17715F60}"
EndProject
Project("{9A19103F-16F7-4668-BE54-9A1E7A4F7556}") = "Northwind", "Northwind\Northwind.csproj", "{8DB5994A-8003-47B6-9D78-8EF615686C7D}"
EndProject
Project("{FAE04EC0-301F-11D3-BF4B-00C04F79EFBC}") = "EntityLinqMasteringApp", "EntityLinqMasteringApp\EntityLinqMasteringApp.csproj", "{87930EDB-8F38-457D-972B-6611EB41FAB8}"
EndProject
Global
	GlobalSection(SolutionConfigurationPlatforms) = preSolution
		Debug|Any CPU = Debug|Any CPU
		Release|Any CPU = Release|Any CPU
	EndGlobalSection
	GlobalSection(ProjectConfigurationPlatforms) = postSolution
		{F30A225E-165A-49F2-8537-6E69EE789EE9}.Debug|Any CPU.ActiveCfg = Debug|Any CPU
		{F30A225E-165A-49F2-8537-6E69EE789EE9}.Debug|Any CPU.Build.0 = Debug|Any CPU
		{F30A225E-165A-49F2-8537-6E69EE789EE9}.Release|Any CPU.ActiveCfg = Release|Any CPU
		{F30A225E-165A-49F2-8537-6E69EE789EE9}.Release|Any CPU.Build.0 = Release|Any CPU
		{D4753C21-BFF0-4B28-B95A-AFCE17715F60}.Debug|Any CPU.ActiveCfg = Debug|Any CPU
		{D4753C21-BFF0-4B28-B95A-AFCE17715F60}.Debug|Any CPU.Build.0 = Debug|Any CPU
		{D4753C21-BFF0-4B28-B95A-AFCE17715F60}.Release|Any CPU.ActiveCfg = Release|Any CPU
		{D4753C21-BFF0-4B28-B95A-AFCE17715F60}.Release|Any CPU.Build.0 = Release|Any CPU
		{8DB5994A-8003-47B6-9D78-8EF615686C7D}.Debug|Any CPU.ActiveCfg = Debug|Any CPU
		{8DB5994A-8003-47B6-9D78-8EF615686C7D}.Debug|Any CPU.Build.0 = Debug|Any CPU
		{8DB5994A-8003-47B6-9D78-8EF615686C7D}.Release|Any CPU.ActiveCfg = Release|Any CPU
		{8DB5994A-8003-47B6-9D78-8EF615686C7D}.Release|Any CPU.Build.0 = Release|Any CPU
		{87930EDB-8F38-457D-972B-6611EB41FAB8}.Debug|Any CPU.ActiveCfg = Debug|Any CPU
		{87930EDB-8F38-457D-972B-6611EB41FAB8}.Debug|Any CPU.Build.0 = Debug|Any CPU
		{87930EDB-8F38-457D-972B-6611EB41FAB8}.Release|Any CPU.ActiveCfg = Release|Any CPU
		{87930EDB-8F38-457D-972B-6611EB41FAB8}.Release|Any CPU.Build.0 = Release|Any CPU
	EndGlobalSection
	GlobalSection(SolutionProperties) = preSolution
		HideSolutionNode = FALSE
	EndGlobalSection
	GlobalSection(ExtensibilityGlobals) = postSolution
		SolutionGuid = {A4AB8104-FB44-4B51-9824-585BB49D62F2}
	EndGlobalSection
EndGlobal
